
Microsoft Visual Studio Solution File, Format Version 12.00
# Visual Studio Version 17
VisualStudioVersion = 17.1.32210.238
MinimumVisualStudioVersion = 10.0.40219.1
Project("{FAE04EC0-301F-11D3-BF4B-00C04F79EFBC}") = "CGHTemplate.BlazorAAD.Deploy", "net6\AAD VSIX\CGHTemplate.BlazorAAD.Deploy\CGHTemplate.BlazorAAD.Deploy.csproj", "{816FCCE6-481F-46CF-AD6A-0B66145AE01F}"
EndProject
Project("{FAE04EC0-301F-11D3-BF4B-00C04F79EFBC}") = "CGHTemplate.BlazorAAD.Wizard", "net6\AAD VSIX\CGHTemplate.BlazorAAD.Wizard\CGHTemplate.BlazorAAD.Wizard.csproj", "{54A10774-D7AC-46DF-BC26-06A95FCD1FCE}"
EndProject
Global
	GlobalSection(SolutionConfigurationPlatforms) = preSolution
		Debug|Any CPU = Debug|Any CPU
		Debug|x86 = Debug|x86
		Release|Any CPU = Release|Any CPU
		Release|x86 = Release|x86
	EndGlobalSection
	GlobalSection(ProjectConfigurationPlatforms) = postSolution
		{816FCCE6-481F-46CF-AD6A-0B66145AE01F}.Debug|Any CPU.ActiveCfg = Debug|Any CPU
		{816FCCE6-481F-46CF-AD6A-0B66145AE01F}.Debug|Any CPU.Build.0 = Debug|Any CPU
		{816FCCE6-481F-46CF-AD6A-0B66145AE01F}.Debug|x86.ActiveCfg = Debug|x86
		{816FCCE6-481F-46CF-AD6A-0B66145AE01F}.Debug|x86.Build.0 = Debug|x86
		{816FCCE6-481F-46CF-AD6A-0B66145AE01F}.Release|Any CPU.ActiveCfg = Release|Any CPU
		{816FCCE6-481F-46CF-AD6A-0B66145AE01F}.Release|Any CPU.Build.0 = Release|Any CPU
		{816FCCE6-481F-46CF-AD6A-0B66145AE01F}.Release|x86.ActiveCfg = Release|x86
		{816FCCE6-481F-46CF-AD6A-0B66145AE01F}.Release|x86.Build.0 = Release|x86
		{54A10774-D7AC-46DF-BC26-06A95FCD1FCE}.Debug|Any CPU.ActiveCfg = Debug|Any CPU
		{54A10774-D7AC-46DF-BC26-06A95FCD1FCE}.Debug|Any CPU.Build.0 = Debug|Any CPU
		{54A10774-D7AC-46DF-BC26-06A95FCD1FCE}.Debug|x86.ActiveCfg = Debug|Any CPU
		{54A10774-D7AC-46DF-BC26-06A95FCD1FCE}.Debug|x86.Build.0 = Debug|Any CPU
		{54A10774-D7AC-46DF-BC26-06A95FCD1FCE}.Release|Any CPU.ActiveCfg = Release|Any CPU
		{54A10774-D7AC-46DF-BC26-06A95FCD1FCE}.Release|Any CPU.Build.0 = Release|Any CPU
		{54A10774-D7AC-46DF-BC26-06A95FCD1FCE}.Release|x86.ActiveCfg = Release|Any CPU
		{54A10774-D7AC-46DF-BC26-06A95FCD1FCE}.Release|x86.Build.0 = Release|Any CPU
	EndGlobalSection
	GlobalSection(SolutionProperties) = preSolution
		HideSolutionNode = FALSE
	EndGlobalSection
	GlobalSection(ExtensibilityGlobals) = postSolution
		SolutionGuid = {6518907C-076A-4BB7-829B-7A064D9C1883}
	EndGlobalSection
EndGlobal
